
Microsoft Visual Studio Solution File, Format Version 12.00
# Visual Studio Version 17
VisualStudioVersion = 17.5.002.0
MinimumVisualStudioVersion = 10.0.40219.1
Project("{9A19103F-16F7-4668-BE54-9A1E7A4F7556}") = "ReadingandWritingJsonFiles", "ReadingandWritingJsonFiles.csproj", "{BD969554-46E4-44F9-917E-6637E3109531}"
EndProject
Global
	GlobalSection(SolutionConfigurationPlatforms) = preSolution
		Debug|Any CPU = Debug|Any CPU
		Release|Any CPU = Release|Any CPU
	EndGlobalSection
	GlobalSection(ProjectConfigurationPlatforms) = postSolution
		{BD969554-46E4-44F9-917E-6637E3109531}.Debug|Any CPU.ActiveCfg = Debug|Any CPU
		{BD969554-46E4-44F9-917E-6637E3109531}.Debug|Any CPU.Build.0 = Debug|Any CPU
		{BD969554-46E4-44F9-917E-6637E3109531}.Release|Any CPU.ActiveCfg = Release|Any CPU
		{BD969554-46E4-44F9-917E-6637E3109531}.Release|Any CPU.Build.0 = Release|Any CPU
	EndGlobalSection
	GlobalSection(SolutionProperties) = preSolution
		HideSolutionNode = FALSE
	EndGlobalSection
	GlobalSection(ExtensibilityGlobals) = postSolution
		SolutionGuid = {19A2AC19-D00D-451C-8EC8-7B39AA90CB3E}
	EndGlobalSection
EndGlobal
